
Microsoft Visual Studio Solution File, Format Version 12.00
# Visual Studio Version 16
VisualStudioVersion = 16.0.28803.156
MinimumVisualStudioVersion = 10.0.40219.1
Project("{9A19103F-16F7-4668-BE54-9A1E7A4F7556}") = "TagHelpers", "TagHelpers\TagHelpers.csproj", "{C66611F5-9F2F-4B79-B64F-59FA6924E13A}"
EndProject
Project("{9A19103F-16F7-4668-BE54-9A1E7A4F7556}") = "Contaners", "Contaners\Contaners.csproj", "{0C98C319-8764-40AB-8789-542BE5117B1D}"
EndProject
Project("{FAE04EC0-301F-11D3-BF4B-00C04F79EFBC}") = "Middleware", "Middleware\Middleware.csproj", "{273D57EC-D93E-4C7A-AA29-014CB44C93D5}"
EndProject
Global
	GlobalSection(SolutionConfigurationPlatforms) = preSolution
		Debug|Any CPU = Debug|Any CPU
		Release|Any CPU = Release|Any CPU
	EndGlobalSection
	GlobalSection(ProjectConfigurationPlatforms) = postSolution
		{C66611F5-9F2F-4B79-B64F-59FA6924E13A}.Debug|Any CPU.ActiveCfg = Debug|Any CPU
		{C66611F5-9F2F-4B79-B64F-59FA6924E13A}.Debug|Any CPU.Build.0 = Debug|Any CPU
		{C66611F5-9F2F-4B79-B64F-59FA6924E13A}.Release|Any CPU.ActiveCfg = Release|Any CPU
		{C66611F5-9F2F-4B79-B64F-59FA6924E13A}.Release|Any CPU.Build.0 = Release|Any CPU
		{0C98C319-8764-40AB-8789-542BE5117B1D}.Debug|Any CPU.ActiveCfg = Debug|Any CPU
		{0C98C319-8764-40AB-8789-542BE5117B1D}.Debug|Any CPU.Build.0 = Debug|Any CPU
		{0C98C319-8764-40AB-8789-542BE5117B1D}.Release|Any CPU.ActiveCfg = Release|Any CPU
		{0C98C319-8764-40AB-8789-542BE5117B1D}.Release|Any CPU.Build.0 = Release|Any CPU
		{273D57EC-D93E-4C7A-AA29-014CB44C93D5}.Debug|Any CPU.ActiveCfg = Debug|Any CPU
		{273D57EC-D93E-4C7A-AA29-014CB44C93D5}.Debug|Any CPU.Build.0 = Debug|Any CPU
		{273D57EC-D93E-4C7A-AA29-014CB44C93D5}.Release|Any CPU.ActiveCfg = Release|Any CPU
		{273D57EC-D93E-4C7A-AA29-014CB44C93D5}.Release|Any CPU.Build.0 = Release|Any CPU
	EndGlobalSection
	GlobalSection(SolutionProperties) = preSolution
		HideSolutionNode = FALSE
	EndGlobalSection
	GlobalSection(ExtensibilityGlobals) = postSolution
		SolutionGuid = {EF68FBFE-912C-477C-ACB3-A2EFBC938823}
	EndGlobalSection
EndGlobal
